# THIS IS AN AUTOGENERATED FILE. DO NOT EDIT THIS FILE DIRECTLY.
# yarn lockfile v1


discord-api-types@^0.37.66:
  version "0.37.66"
  resolved "https://registry.yarnpkg.com/discord-api-types/-/discord-api-types-0.37.66.tgz#047d24036507aa4bd25737e2d5d0bdaa63fa83a7"
  integrity sha512-3Q+6uBODmVaPAmZZ1jYQiQBbp0hqArgSU9Y6DuYY6KW5Sdij91bwbmFnnVI5XvATRkY+Wk9KMBWFzAEwSDs+1w==

discord-interactions@^3.4.0:
  version "3.4.0"
  resolved "https://registry.yarnpkg.com/discord-interactions/-/discord-interactions-3.4.0.tgz#ea24c0c9076ea87f501a04ce94c8b91421642a18"
  integrity sha512-DG0Jxdd/FcK8liAPhIP4u5YHpnz50JWn9DK4OavxsLD49/WGimXtP3EdOY439MaWyCgQfsfFkA1GsTEyu63RzA==
  dependencies:
    tweetnacl "^1.0.3"

itty-router@^4.0.23:
  version "4.0.25"
  resolved "https://registry.yarnpkg.com/itty-router/-/itty-router-4.0.25.tgz#b47a9521b5075c340e88ab3e7d7d5ff0a5ea86d0"
  integrity sha512-WbH1x46QFKNAjp85GYZzDteriZl9nJ0flwGJDVfzC4HT0B/nb01/KOD7mEr+5cYmuqy9T7L/A3ifNzCpzQ1fcw==

tweetnacl@^1.0.3:
  version "1.0.3"
  resolved "https://registry.yarnpkg.com/tweetnacl/-/tweetnacl-1.0.3.tgz#ac0af71680458d8a6378d0d0d050ab1407d35596"
  integrity sha512-6rt+RN7aOi1nGMyC4Xa5DdYiukl2UWCbcJft7YhxReBGQD7OAM8Pbxw6YMo4r2diNEA8FEmu32YOn9rhaiE5yw==
